{
  "name": "reharvester",
  "lockfileVersion": 3,
  "requires": true,
  "packages": {
    "": {
      "dependencies": {
        "reharvester": "^0.1.0"
      }
    },
    "node_modules/reharvester": {
      "version": "0.1.0",
      "resolved": "https://registry.npmjs.org/reharvester/-/reharvester-0.1.0.tgz",
      "integrity": "sha512-dAhBArId7Y58iXZEtjDc75r1a3RVA4anuvrYUubSLyUa6iiaZpfDZ5+ylINMy2chITbXwa6cYrqybC7ajewJ8w==",
      "license": "MIT",
      "bin": {
        "reharvester": "bin/reharvester.js"
      },
      "engines": {
        "node": ">=18"
      }
    }
  }
}
